
Microsoft Visual Studio Solution File, Format Version 12.00
# Visual Studio Version 16
VisualStudioVersion = 16.0.29519.87
MinimumVisualStudioVersion = 10.0.40219.1
Project("{9A19103F-16F7-4668-BE54-9A1E7A4F7556}") = "ITHS-DB-Lab4", "ITHS-DB-Lab4\ITHS-DB-Lab4.csproj", "{CEB9B912-B91D-4990-BB76-18C4DF05D298}"
EndProject
Global
	GlobalSection(SolutionConfigurationPlatforms) = preSolution
		Debug|Any CPU = Debug|Any CPU
		Release|Any CPU = Release|Any CPU
	EndGlobalSection
	GlobalSection(ProjectConfigurationPlatforms) = postSolution
		{CEB9B912-B91D-4990-BB76-18C4DF05D298}.Debug|Any CPU.ActiveCfg = Debug|Any CPU
		{CEB9B912-B91D-4990-BB76-18C4DF05D298}.Debug|Any CPU.Build.0 = Debug|Any CPU
		{CEB9B912-B91D-4990-BB76-18C4DF05D298}.Release|Any CPU.ActiveCfg = Release|Any CPU
		{CEB9B912-B91D-4990-BB76-18C4DF05D298}.Release|Any CPU.Build.0 = Release|Any CPU
	EndGlobalSection
	GlobalSection(SolutionProperties) = preSolution
		HideSolutionNode = FALSE
	EndGlobalSection
	GlobalSection(ExtensibilityGlobals) = postSolution
		SolutionGuid = {5ABA2B5D-AFD4-40B5-9294-E888AD6FE3FD}
	EndGlobalSection
EndGlobal
